
Microsoft Visual Studio Solution File, Format Version 12.00
# Visual Studio Version 17
Project("{8BC9CEB8-8B4A-11D0-8D11-00A0C91BC942}") = "ALL_BUILD", "ALL_BUILD.vcxproj", "{6C121722-6626-32F3-A7C3-7B6F28833851}"
	ProjectSection(ProjectDependencies) = postProject
		{2AB6F925-5ECB-37E5-8343-D703FC10B48A} = {2AB6F925-5ECB-37E5-8343-D703FC10B48A}
		{194EDA7D-AE60-397F-B350-FDC0C9BCE121} = {194EDA7D-AE60-397F-B350-FDC0C9BCE121}
		{5BA22940-C320-34BB-B5C2-25B43DC1B856} = {5BA22940-C320-34BB-B5C2-25B43DC1B856}
		{AFC81064-60C2-368B-8745-A33ABA81597E} = {AFC81064-60C2-368B-8745-A33ABA81597E}
		{943487FD-761C-3043-880C-771001961ABA} = {943487FD-761C-3043-880C-771001961ABA}
		{3FFAF459-0843-305F-BEAF-C91D7389B515} = {3FFAF459-0843-305F-BEAF-C91D7389B515}
		{DBA951BF-E965-3A00-8F2E-91C5B0A2BC60} = {DBA951BF-E965-3A00-8F2E-91C5B0A2BC60}
		{EE629327-FAF2-3511-B157-03C88874F0F8} = {EE629327-FAF2-3511-B157-03C88874F0F8}
		{F471F655-B2A6-3FD4-B63C-29DD47DB045E} = {F471F655-B2A6-3FD4-B63C-29DD47DB045E}
		{058D3A38-55D0-3C62-B1A6-BACA1E8A4735} = {058D3A38-55D0-3C62-B1A6-BACA1E8A4735}
		{42235994-6D6F-3B47-B715-56B012CD0744} = {42235994-6D6F-3B47-B715-56B012CD0744}
		{6EF49848-7453-3926-AC43-991E8C90C1DE} = {6EF49848-7453-3926-AC43-991E8C90C1DE}
		{BEDAD71B-7977-3A75-917D-F1FDA8B18984} = {BEDAD71B-7977-3A75-917D-F1FDA8B18984}
	EndProjectSection
EndProject
Project("{8BC9CEB8-8B4A-11D0-8D11-00A0C91BC942}") = "ZERO_CHECK", "ZERO_CHECK.vcxproj", "{2AB6F925-5ECB-37E5-8343-D703FC10B48A}"
	ProjectSection(ProjectDependencies) = postProject
	EndProjectSection
EndProject
Project("{8BC9CEB8-8B4A-11D0-8D11-00A0C91BC942}") = "testAttack", "testAttack.vcxproj", "{194EDA7D-AE60-397F-B350-FDC0C9BCE121}"
	ProjectSection(ProjectDependencies) = postProject
		{2AB6F925-5ECB-37E5-8343-D703FC10B48A} = {2AB6F925-5ECB-37E5-8343-D703FC10B48A}
	EndProjectSection
EndProject
Project("{8BC9CEB8-8B4A-11D0-8D11-00A0C91BC942}") = "testBalls", "testBalls.vcxproj", "{5BA22940-C320-34BB-B5C2-25B43DC1B856}"
	ProjectSection(ProjectDependencies) = postProject
		{2AB6F925-5ECB-37E5-8343-D703FC10B48A} = {2AB6F925-5ECB-37E5-8343-D703FC10B48A}
	EndProjectSection
EndProject
Project("{8BC9CEB8-8B4A-11D0-8D11-00A0C91BC942}") = "testBattle", "testBattle.vcxproj", "{AFC81064-60C2-368B-8745-A33ABA81597E}"
	ProjectSection(ProjectDependencies) = postProject
		{2AB6F925-5ECB-37E5-8343-D703FC10B48A} = {2AB6F925-5ECB-37E5-8343-D703FC10B48A}
	EndProjectSection
EndProject
Project("{8BC9CEB8-8B4A-11D0-8D11-00A0C91BC942}") = "testDisplays", "testDisplays.vcxproj", "{943487FD-761C-3043-880C-771001961ABA}"
	ProjectSection(ProjectDependencies) = postProject
		{2AB6F925-5ECB-37E5-8343-D703FC10B48A} = {2AB6F925-5ECB-37E5-8343-D703FC10B48A}
	EndProjectSection
EndProject
Project("{8BC9CEB8-8B4A-11D0-8D11-00A0C91BC942}") = "testMain", "testMain.vcxproj", "{3FFAF459-0843-305F-BEAF-C91D7389B515}"
	ProjectSection(ProjectDependencies) = postProject
		{2AB6F925-5ECB-37E5-8343-D703FC10B48A} = {2AB6F925-5ECB-37E5-8343-D703FC10B48A}
	EndProjectSection
EndProject
Project("{8BC9CEB8-8B4A-11D0-8D11-00A0C91BC942}") = "testPC", "testPC.vcxproj", "{DBA951BF-E965-3A00-8F2E-91C5B0A2BC60}"
	ProjectSection(ProjectDependencies) = postProject
		{2AB6F925-5ECB-37E5-8343-D703FC10B48A} = {2AB6F925-5ECB-37E5-8343-D703FC10B48A}
	EndProjectSection
EndProject
Project("{8BC9CEB8-8B4A-11D0-8D11-00A0C91BC942}") = "testPlayer", "testPlayer.vcxproj", "{EE629327-FAF2-3511-B157-03C88874F0F8}"
	ProjectSection(ProjectDependencies) = postProject
		{2AB6F925-5ECB-37E5-8343-D703FC10B48A} = {2AB6F925-5ECB-37E5-8343-D703FC10B48A}
	EndProjectSection
EndProject
Project("{8BC9CEB8-8B4A-11D0-8D11-00A0C91BC942}") = "testPokemon", "testPokemon.vcxproj", "{F471F655-B2A6-3FD4-B63C-29DD47DB045E}"
	ProjectSection(ProjectDependencies) = postProject
		{2AB6F925-5ECB-37E5-8343-D703FC10B48A} = {2AB6F925-5ECB-37E5-8343-D703FC10B48A}
	EndProjectSection
EndProject
Project("{8BC9CEB8-8B4A-11D0-8D11-00A0C91BC942}") = "testPotions", "testPotions.vcxproj", "{058D3A38-55D0-3C62-B1A6-BACA1E8A4735}"
	ProjectSection(ProjectDependencies) = postProject
		{2AB6F925-5ECB-37E5-8343-D703FC10B48A} = {2AB6F925-5ECB-37E5-8343-D703FC10B48A}
	EndProjectSection
EndProject
Project("{8BC9CEB8-8B4A-11D0-8D11-00A0C91BC942}") = "testRevives", "testRevives.vcxproj", "{42235994-6D6F-3B47-B715-56B012CD0744}"
	ProjectSection(ProjectDependencies) = postProject
		{2AB6F925-5ECB-37E5-8343-D703FC10B48A} = {2AB6F925-5ECB-37E5-8343-D703FC10B48A}
	EndProjectSection
EndProject
Project("{8BC9CEB8-8B4A-11D0-8D11-00A0C91BC942}") = "testStore", "testStore.vcxproj", "{6EF49848-7453-3926-AC43-991E8C90C1DE}"
	ProjectSection(ProjectDependencies) = postProject
		{2AB6F925-5ECB-37E5-8343-D703FC10B48A} = {2AB6F925-5ECB-37E5-8343-D703FC10B48A}
	EndProjectSection
EndProject
Project("{8BC9CEB8-8B4A-11D0-8D11-00A0C91BC942}") = "testWild", "testWild.vcxproj", "{BEDAD71B-7977-3A75-917D-F1FDA8B18984}"
	ProjectSection(ProjectDependencies) = postProject
		{2AB6F925-5ECB-37E5-8343-D703FC10B48A} = {2AB6F925-5ECB-37E5-8343-D703FC10B48A}
	EndProjectSection
EndProject
Global
	GlobalSection(SolutionConfigurationPlatforms) = preSolution
		Debug|x64 = Debug|x64
		Release|x64 = Release|x64
		MinSizeRel|x64 = MinSizeRel|x64
		RelWithDebInfo|x64 = RelWithDebInfo|x64
	EndGlobalSection
	GlobalSection(ProjectConfigurationPlatforms) = postSolution
		{6C121722-6626-32F3-A7C3-7B6F28833851}.Debug|x64.ActiveCfg = Debug|x64
		{6C121722-6626-32F3-A7C3-7B6F28833851}.Release|x64.ActiveCfg = Release|x64
		{6C121722-6626-32F3-A7C3-7B6F28833851}.MinSizeRel|x64.ActiveCfg = MinSizeRel|x64
		{6C121722-6626-32F3-A7C3-7B6F28833851}.RelWithDebInfo|x64.ActiveCfg = RelWithDebInfo|x64
		{2AB6F925-5ECB-37E5-8343-D703FC10B48A}.Debug|x64.ActiveCfg = Debug|x64
		{2AB6F925-5ECB-37E5-8343-D703FC10B48A}.Debug|x64.Build.0 = Debug|x64
		{2AB6F925-5ECB-37E5-8343-D703FC10B48A}.Release|x64.ActiveCfg = Release|x64
		{2AB6F925-5ECB-37E5-8343-D703FC10B48A}.Release|x64.Build.0 = Release|x64
		{2AB6F925-5ECB-37E5-8343-D703FC10B48A}.MinSizeRel|x64.ActiveCfg = MinSizeRel|x64
		{2AB6F925-5ECB-37E5-8343-D703FC10B48A}.MinSizeRel|x64.Build.0 = MinSizeRel|x64
		{2AB6F925-5ECB-37E5-8343-D703FC10B48A}.RelWithDebInfo|x64.ActiveCfg = RelWithDebInfo|x64
		{2AB6F925-5ECB-37E5-8343-D703FC10B48A}.RelWithDebInfo|x64.Build.0 = RelWithDebInfo|x64
		{194EDA7D-AE60-397F-B350-FDC0C9BCE121}.Debug|x64.ActiveCfg = Debug|x64
		{194EDA7D-AE60-397F-B350-FDC0C9BCE121}.Debug|x64.Build.0 = Debug|x64
		{194EDA7D-AE60-397F-B350-FDC0C9BCE121}.Release|x64.ActiveCfg = Release|x64
		{194EDA7D-AE60-397F-B350-FDC0C9BCE121}.Release|x64.Build.0 = Release|x64
		{194EDA7D-AE60-397F-B350-FDC0C9BCE121}.MinSizeRel|x64.ActiveCfg = MinSizeRel|x64
		{194EDA7D-AE60-397F-B350-FDC0C9BCE121}.MinSizeRel|x64.Build.0 = MinSizeRel|x64
		{194EDA7D-AE60-397F-B350-FDC0C9BCE121}.RelWithDebInfo|x64.ActiveCfg = RelWithDebInfo|x64
		{194EDA7D-AE60-397F-B350-FDC0C9BCE121}.RelWithDebInfo|x64.Build.0 = RelWithDebInfo|x64
		{5BA22940-C320-34BB-B5C2-25B43DC1B856}.Debug|x64.ActiveCfg = Debug|x64
		{5BA22940-C320-34BB-B5C2-25B43DC1B856}.Debug|x64.Build.0 = Debug|x64
		{5BA22940-C320-34BB-B5C2-25B43DC1B856}.Release|x64.ActiveCfg = Release|x64
		{5BA22940-C320-34BB-B5C2-25B43DC1B856}.Release|x64.Build.0 = Release|x64
		{5BA22940-C320-34BB-B5C2-25B43DC1B856}.MinSizeRel|x64.ActiveCfg = MinSizeRel|x64
		{5BA22940-C320-34BB-B5C2-25B43DC1B856}.MinSizeRel|x64.Build.0 = MinSizeRel|x64
		{5BA22940-C320-34BB-B5C2-25B43DC1B856}.RelWithDebInfo|x64.ActiveCfg = RelWithDebInfo|x64
		{5BA22940-C320-34BB-B5C2-25B43DC1B856}.RelWithDebInfo|x64.Build.0 = RelWithDebInfo|x64
		{AFC81064-60C2-368B-8745-A33ABA81597E}.Debug|x64.ActiveCfg = Debug|x64
		{AFC81064-60C2-368B-8745-A33ABA81597E}.Debug|x64.Build.0 = Debug|x64
		{AFC81064-60C2-368B-8745-A33ABA81597E}.Release|x64.ActiveCfg = Release|x64
		{AFC81064-60C2-368B-8745-A33ABA81597E}.Release|x64.Build.0 = Release|x64
		{AFC81064-60C2-368B-8745-A33ABA81597E}.MinSizeRel|x64.ActiveCfg = MinSizeRel|x64
		{AFC81064-60C2-368B-8745-A33ABA81597E}.MinSizeRel|x64.Build.0 = MinSizeRel|x64
		{AFC81064-60C2-368B-8745-A33ABA81597E}.RelWithDebInfo|x64.ActiveCfg = RelWithDebInfo|x64
		{AFC81064-60C2-368B-8745-A33ABA81597E}.RelWithDebInfo|x64.Build.0 = RelWithDebInfo|x64
		{943487FD-761C-3043-880C-771001961ABA}.Debug|x64.ActiveCfg = Debug|x64
		{943487FD-761C-3043-880C-771001961ABA}.Debug|x64.Build.0 = Debug|x64
		{943487FD-761C-3043-880C-771001961ABA}.Release|x64.ActiveCfg = Release|x64
		{943487FD-761C-3043-880C-771001961ABA}.Release|x64.Build.0 = Release|x64
		{943487FD-761C-3043-880C-771001961ABA}.MinSizeRel|x64.ActiveCfg = MinSizeRel|x64
		{943487FD-761C-3043-880C-771001961ABA}.MinSizeRel|x64.Build.0 = MinSizeRel|x64
		{943487FD-761C-3043-880C-771001961ABA}.RelWithDebInfo|x64.ActiveCfg = RelWithDebInfo|x64
		{943487FD-761C-3043-880C-771001961ABA}.RelWithDebInfo|x64.Build.0 = RelWithDebInfo|x64
		{3FFAF459-0843-305F-BEAF-C91D7389B515}.Debug|x64.ActiveCfg = Debug|x64
		{3FFAF459-0843-305F-BEAF-C91D7389B515}.Debug|x64.Build.0 = Debug|x64
		{3FFAF459-0843-305F-BEAF-C91D7389B515}.Release|x64.ActiveCfg = Release|x64
		{3FFAF459-0843-305F-BEAF-C91D7389B515}.Release|x64.Build.0 = Release|x64
		{3FFAF459-0843-305F-BEAF-C91D7389B515}.MinSizeRel|x64.ActiveCfg = MinSizeRel|x64
		{3FFAF459-0843-305F-BEAF-C91D7389B515}.MinSizeRel|x64.Build.0 = MinSizeRel|x64
		{3FFAF459-0843-305F-BEAF-C91D7389B515}.RelWithDebInfo|x64.ActiveCfg = RelWithDebInfo|x64
		{3FFAF459-0843-305F-BEAF-C91D7389B515}.RelWithDebInfo|x64.Build.0 = RelWithDebInfo|x64
		{DBA951BF-E965-3A00-8F2E-91C5B0A2BC60}.Debug|x64.ActiveCfg = Debug|x64
		{DBA951BF-E965-3A00-8F2E-91C5B0A2BC60}.Debug|x64.Build.0 = Debug|x64
		{DBA951BF-E965-3A00-8F2E-91C5B0A2BC60}.Release|x64.ActiveCfg = Release|x64
		{DBA951BF-E965-3A00-8F2E-91C5B0A2BC60}.Release|x64.Build.0 = Release|x64
		{DBA951BF-E965-3A00-8F2E-91C5B0A2BC60}.MinSizeRel|x64.ActiveCfg = MinSizeRel|x64
		{DBA951BF-E965-3A00-8F2E-91C5B0A2BC60}.MinSizeRel|x64.Build.0 = MinSizeRel|x64
		{DBA951BF-E965-3A00-8F2E-91C5B0A2BC60}.RelWithDebInfo|x64.ActiveCfg = RelWithDebInfo|x64
		{DBA951BF-E965-3A00-8F2E-91C5B0A2BC60}.RelWithDebInfo|x64.Build.0 = RelWithDebInfo|x64
		{EE629327-FAF2-3511-B157-03C88874F0F8}.Debug|x64.ActiveCfg = Debug|x64
		{EE629327-FAF2-3511-B157-03C88874F0F8}.Debug|x64.Build.0 = Debug|x64
		{EE629327-FAF2-3511-B157-03C88874F0F8}.Release|x64.ActiveCfg = Release|x64
		{EE629327-FAF2-3511-B157-03C88874F0F8}.Release|x64.Build.0 = Release|x64
		{EE629327-FAF2-3511-B157-03C88874F0F8}.MinSizeRel|x64.ActiveCfg = MinSizeRel|x64
		{EE629327-FAF2-3511-B157-03C88874F0F8}.MinSizeRel|x64.Build.0 = MinSizeRel|x64
		{EE629327-FAF2-3511-B157-03C88874F0F8}.RelWithDebInfo|x64.ActiveCfg = RelWithDebInfo|x64
		{EE629327-FAF2-3511-B157-03C88874F0F8}.RelWithDebInfo|x64.Build.0 = RelWithDebInfo|x64
		{F471F655-B2A6-3FD4-B63C-29DD47DB045E}.Debug|x64.ActiveCfg = Debug|x64
		{F471F655-B2A6-3FD4-B63C-29DD47DB045E}.Debug|x64.Build.0 = Debug|x64
		{F471F655-B2A6-3FD4-B63C-29DD47DB045E}.Release|x64.ActiveCfg = Release|x64
		{F471F655-B2A6-3FD4-B63C-29DD47DB045E}.Release|x64.Build.0 = Release|x64
		{F471F655-B2A6-3FD4-B63C-29DD47DB045E}.MinSizeRel|x64.ActiveCfg = MinSizeRel|x64
		{F471F655-B2A6-3FD4-B63C-29DD47DB045E}.MinSizeRel|x64.Build.0 = MinSizeRel|x64
		{F471F655-B2A6-3FD4-B63C-29DD47DB045E}.RelWithDebInfo|x64.ActiveCfg = RelWithDebInfo|x64
		{F471F655-B2A6-3FD4-B63C-29DD47DB045E}.RelWithDebInfo|x64.Build.0 = RelWithDebInfo|x64
		{058D3A38-55D0-3C62-B1A6-BACA1E8A4735}.Debug|x64.ActiveCfg = Debug|x64
		{058D3A38-55D0-3C62-B1A6-BACA1E8A4735}.Debug|x64.Build.0 = Debug|x64
		{058D3A38-55D0-3C62-B1A6-BACA1E8A4735}.Release|x64.ActiveCfg = Release|x64
		{058D3A38-55D0-3C62-B1A6-BACA1E8A4735}.Release|x64.Build.0 = Release|x64
		{058D3A38-55D0-3C62-B1A6-BACA1E8A4735}.MinSizeRel|x64.ActiveCfg = MinSizeRel|x64
		{058D3A38-55D0-3C62-B1A6-BACA1E8A4735}.MinSizeRel|x64.Build.0 = MinSizeRel|x64
		{058D3A38-55D0-3C62-B1A6-BACA1E8A4735}.RelWithDebInfo|x64.ActiveCfg = RelWithDebInfo|x64
		{058D3A38-55D0-3C62-B1A6-BACA1E8A4735}.RelWithDebInfo|x64.Build.0 = RelWithDebInfo|x64
		{42235994-6D6F-3B47-B715-56B012CD0744}.Debug|x64.ActiveCfg = Debug|x64
		{42235994-6D6F-3B47-B715-56B012CD0744}.Debug|x64.Build.0 = Debug|x64
		{42235994-6D6F-3B47-B715-56B012CD0744}.Release|x64.ActiveCfg = Release|x64
		{42235994-6D6F-3B47-B715-56B012CD0744}.Release|x64.Build.0 = Release|x64
		{42235994-6D6F-3B47-B715-56B012CD0744}.MinSizeRel|x64.ActiveCfg = MinSizeRel|x64
		{42235994-6D6F-3B47-B715-56B012CD0744}.MinSizeRel|x64.Build.0 = MinSizeRel|x64
		{42235994-6D6F-3B47-B715-56B012CD0744}.RelWithDebInfo|x64.ActiveCfg = RelWithDebInfo|x64
		{42235994-6D6F-3B47-B715-56B012CD0744}.RelWithDebInfo|x64.Build.0 = RelWithDebInfo|x64
		{6EF49848-7453-3926-AC43-991E8C90C1DE}.Debug|x64.ActiveCfg = Debug|x64
		{6EF49848-7453-3926-AC43-991E8C90C1DE}.Debug|x64.Build.0 = Debug|x64
		{6EF49848-7453-3926-AC43-991E8C90C1DE}.Release|x64.ActiveCfg = Release|x64
		{6EF49848-7453-3926-AC43-991E8C90C1DE}.Release|x64.Build.0 = Release|x64
		{6EF49848-7453-3926-AC43-991E8C90C1DE}.MinSizeRel|x64.ActiveCfg = MinSizeRel|x64
		{6EF49848-7453-3926-AC43-991E8C90C1DE}.MinSizeRel|x64.Build.0 = MinSizeRel|x64
		{6EF49848-7453-3926-AC43-991E8C90C1DE}.RelWithDebInfo|x64.ActiveCfg = RelWithDebInfo|x64
		{6EF49848-7453-3926-AC43-991E8C90C1DE}.RelWithDebInfo|x64.Build.0 = RelWithDebInfo|x64
		{BEDAD71B-7977-3A75-917D-F1FDA8B18984}.Debug|x64.ActiveCfg = Debug|x64
		{BEDAD71B-7977-3A75-917D-F1FDA8B18984}.Debug|x64.Build.0 = Debug|x64
		{BEDAD71B-7977-3A75-917D-F1FDA8B18984}.Release|x64.ActiveCfg = Release|x64
		{BEDAD71B-7977-3A75-917D-F1FDA8B18984}.Release|x64.Build.0 = Release|x64
		{BEDAD71B-7977-3A75-917D-F1FDA8B18984}.MinSizeRel|x64.ActiveCfg = MinSizeRel|x64
		{BEDAD71B-7977-3A75-917D-F1FDA8B18984}.MinSizeRel|x64.Build.0 = MinSizeRel|x64
		{BEDAD71B-7977-3A75-917D-F1FDA8B18984}.RelWithDebInfo|x64.ActiveCfg = RelWithDebInfo|x64
		{BEDAD71B-7977-3A75-917D-F1FDA8B18984}.RelWithDebInfo|x64.Build.0 = RelWithDebInfo|x64
	EndGlobalSection
	GlobalSection(ExtensibilityGlobals) = postSolution
		SolutionGuid = {B2CCB480-FA03-3AC2-9391-78662FE98A59}
	EndGlobalSection
	GlobalSection(ExtensibilityAddIns) = postSolution
	EndGlobalSection
EndGlobal
